// !$*UTF8*$!
{
	archiveVersion = 1;
	classes = {
	};
	objectVersion = 50;
	objects = {

/* Begin PBXBuildFile section */
		0200C22A252C6116D4A366C1 /* libPods-FeedUITests.a in Frameworks */ = {isa = PBXBuildFile; fileRef = D315F0AD55F264A2979FE4AF /* libPods-FeedUITests.a */; };
		21E3C52D22944C1400E762FC /* UserDao.m in Sources */ = {isa = PBXBuildFile; fileRef = 21E3C52C22944C1400E762FC /* UserDao.m */; };
		21E3C52F22944C2E00E762FC /* UserModel.m in Sources */ = {isa = PBXBuildFile; fileRef = 21E3C52E22944C2E00E762FC /* UserModel.m */; };
		2C466B317E9D066D866667F3 /* libPods-FeedTests.a in Frameworks */ = {isa = PBXBuildFile; fileRef = ED9CB8D9AF36DA10069B96B8 /* libPods-FeedTests.a */; };
		3E15305B2298CE4A0076CDEE /* Outline.m in Sources */ = {isa = PBXBuildFile; fileRef = 3E1530562298CE4A0076CDEE /* Outline.m */; };
		3E15305C2298CE4A0076CDEE /* OutlineCell.m in Sources */ = {isa = PBXBuildFile; fileRef = 3E1530582298CE4A0076CDEE /* OutlineCell.m */; };
		3E15305D2298CE4A0076CDEE /* OutlineFrame.m in Sources */ = {isa = PBXBuildFile; fileRef = 3E15305A2298CE4A0076CDEE /* OutlineFrame.m */; };
		7C618DE4FDC206215BB8BF0A /* libPods-Feed.a in Frameworks */ = {isa = PBXBuildFile; fileRef = AB0BF4D6C04074383B93EF2D /* libPods-Feed.a */; };
		A004311E22805833008D0579 /* 用户.png in Resources */ = {isa = PBXBuildFile; fileRef = A004311B22805833008D0579 /* 用户.png */; };
		A004311F22805833008D0579 /* 视频.png in Resources */ = {isa = PBXBuildFile; fileRef = A004311C22805833008D0579 /* 视频.png */; };
		A004312022805833008D0579 /* 首页.png in Resources */ = {isa = PBXBuildFile; fileRef = A004311D22805833008D0579 /* 首页.png */; };
		A03387DD22804F4A0020858C /* AppDelegate.m in Sources */ = {isa = PBXBuildFile; fileRef = A03387DC22804F4A0020858C /* AppDelegate.m */; };
		A03387E522804F4A0020858C /* Assets.xcassets in Resources */ = {isa = PBXBuildFile; fileRef = A03387E422804F4A0020858C /* Assets.xcassets */; };
		A03387E822804F4A0020858C /* LaunchScreen.storyboard in Resources */ = {isa = PBXBuildFile; fileRef = A03387E622804F4A0020858C /* LaunchScreen.storyboard */; };
		A03387EB22804F4A0020858C /* main.m in Sources */ = {isa = PBXBuildFile; fileRef = A03387EA22804F4A0020858C /* main.m */; };
		A03387F522804F4A0020858C /* FeedTests.m in Sources */ = {isa = PBXBuildFile; fileRef = A03387F422804F4A0020858C /* FeedTests.m */; };
		A033880022804F4A0020858C /* FeedUITests.m in Sources */ = {isa = PBXBuildFile; fileRef = A03387FF22804F4A0020858C /* FeedUITests.m */; };
		A033880F22804F600020858C /* RootViewController.m in Sources */ = {isa = PBXBuildFile; fileRef = A033880E22804F600020858C /* RootViewController.m */; };
		A033881A228055D70020858C /* HomeViewController.m in Sources */ = {isa = PBXBuildFile; fileRef = A0338819228055D70020858C /* HomeViewController.m */; };
		A033881D228056F40020858C /* LogInViewController.m in Sources */ = {isa = PBXBuildFile; fileRef = A033881C228056F40020858C /* LogInViewController.m */; };
		A03AE038228BB0BF00D34188 /* InfoCell.m in Sources */ = {isa = PBXBuildFile; fileRef = A03AE037228BB0BF00D34188 /* InfoCell.m */; };
		A04AD99B228095F8007C03D7 /* EnterViewController.m in Sources */ = {isa = PBXBuildFile; fileRef = A04AD99A228095F8007C03D7 /* EnterViewController.m */; };
		A05F73DE22815F2700A91D0C /* FriendViewController.m in Sources */ = {isa = PBXBuildFile; fileRef = A05F73DD22815F2700A91D0C /* FriendViewController.m */; };
		A05F73E022816D9400A91D0C /* 相机.png in Resources */ = {isa = PBXBuildFile; fileRef = A05F73DF22816D9400A91D0C /* 相机.png */; };
		A073E63D22816E26003CA352 /* ReleaseViewController.m in Sources */ = {isa = PBXBuildFile; fileRef = A073E63C22816E26003CA352 /* ReleaseViewController.m */; };
		A073E63F228174D6003CA352 /* 登录头像.png in Resources */ = {isa = PBXBuildFile; fileRef = A073E63E228174D6003CA352 /* 登录头像.png */; };
		A073E64222818958003CA352 /* SignUpViewController.m in Sources */ = {isa = PBXBuildFile; fileRef = A073E64122818958003CA352 /* SignUpViewController.m */; };
		A088925822918603006A649C /* ForgetPassWordViewController.m in Sources */ = {isa = PBXBuildFile; fileRef = A088925622918603006A649C /* ForgetPassWordViewController.m */; };
		A0934E33228A95E3009F8F64 /* ditu.png in Resources */ = {isa = PBXBuildFile; fileRef = A0934E32228A95E3009F8F64 /* ditu.png */; };
		A0934E35228A9B45009F8F64 /* back.png in Resources */ = {isa = PBXBuildFile; fileRef = A0934E34228A9B45009F8F64 /* back.png */; };
		A0934E37228A9EE5009F8F64 /* logo.png in Resources */ = {isa = PBXBuildFile; fileRef = A0934E36228A9EE5009F8F64 /* logo.png */; };
		A0934E39228AB1BC009F8F64 /* 头像.png in Resources */ = {isa = PBXBuildFile; fileRef = A0934E38228AB1BC009F8F64 /* 头像.png */; };
		A0934E3C228B0FAC009F8F64 /* PersonalInfoViewController.m in Sources */ = {isa = PBXBuildFile; fileRef = A0934E3B228B0FAC009F8F64 /* PersonalInfoViewController.m */; };
		A09890D12280959D0027ACCA /* MilitaryViewController.m in Sources */ = {isa = PBXBuildFile; fileRef = A09890D02280959D0027ACCA /* MilitaryViewController.m */; };
		A0C2E1D6228EE9950068AEE3 /* ModifyPassWordViewController.m in Sources */ = {isa = PBXBuildFile; fileRef = A0C2E1D5228EE9950068AEE3 /* ModifyPassWordViewController.m */; };
		A0C2E1D9228EF0690068AEE3 /* MyInfoViewController.m in Sources */ = {isa = PBXBuildFile; fileRef = A0C2E1D8228EF0690068AEE3 /* MyInfoViewController.m */; };
		A0C2E1DB228EFEB60068AEE3 /* 无用户.png in Resources */ = {isa = PBXBuildFile; fileRef = A0C2E1DA228EFEB60068AEE3 /* 无用户.png */; };
		A0C7E7AB228C30F80036EE8E /* place.plist in Resources */ = {isa = PBXBuildFile; fileRef = A0C7E7AA228C30F80036EE8E /* place.plist */; };
		A0C7E7AE228C311F0036EE8E /* PlacePicker.m in Sources */ = {isa = PBXBuildFile; fileRef = A0C7E7AD228C311F0036EE8E /* PlacePicker.m */; };
		A0C7E7B1228C33D70036EE8E /* PlaceModel.m in Sources */ = {isa = PBXBuildFile; fileRef = A0C7E7B0228C33D70036EE8E /* PlaceModel.m */; };
		A0C7E7B4228C81D50036EE8E /* inputViewController.m in Sources */ = {isa = PBXBuildFile; fileRef = A0C7E7B3228C81D50036EE8E /* inputViewController.m */; };
		A0FA6E9E2280780000C70080 /* ScrollViewController.m in Sources */ = {isa = PBXBuildFile; fileRef = A0FA6E9D2280780000C70080 /* ScrollViewController.m */; };
		A0FA6EA72280947400C70080 /* AttentionViewController.m in Sources */ = {isa = PBXBuildFile; fileRef = A0FA6EA62280947400C70080 /* AttentionViewController.m */; };
		A0FA6EAA228094A100C70080 /* RecommendViewController.m in Sources */ = {isa = PBXBuildFile; fileRef = A0FA6EA9228094A100C70080 /* RecommendViewController.m */; };
		A0FA6EAD228094C600C70080 /* PEViewController.m in Sources */ = {isa = PBXBuildFile; fileRef = A0FA6EAC228094C600C70080 /* PEViewController.m */; };
		A0FA6EB0228094DC00C70080 /* TechViewController.m in Sources */ = {isa = PBXBuildFile; fileRef = A0FA6EAF228094DC00C70080 /* TechViewController.m */; };
/* End PBXBuildFile section */

/* Begin PBXContainerItemProxy section */
		A03387F122804F4A0020858C /* PBXContainerItemProxy */ = {
			isa = PBXContainerItemProxy;
			containerPortal = A03387D022804F4A0020858C /* Project object */;
			proxyType = 1;
			remoteGlobalIDString = A03387D722804F4A0020858C;
			remoteInfo = Feed;
		};
		A03387FC22804F4A0020858C /* PBXContainerItemProxy */ = {
			isa = PBXContainerItemProxy;
			containerPortal = A03387D022804F4A0020858C /* Project object */;
			proxyType = 1;
			remoteGlobalIDString = A03387D722804F4A0020858C;
			remoteInfo = Feed;
		};
/* End PBXContainerItemProxy section */

/* Begin PBXFileReference section */
		1D5A1E00DD5E56A9281BFE9F /* Pods-FeedUITests.release.xcconfig */ = {isa = PBXFileReference; includeInIndex = 1; lastKnownFileType = text.xcconfig; name = "Pods-FeedUITests.release.xcconfig"; path = "Target Support Files/Pods-FeedUITests/Pods-FeedUITests.release.xcconfig"; sourceTree = "<group>"; };
		21E3C52B22944BF000E762FC /* UserDao.h */ = {isa = PBXFileReference; lastKnownFileType = sourcecode.c.h; path = UserDao.h; sourceTree = "<group>"; };
		21E3C52C22944C1400E762FC /* UserDao.m */ = {isa = PBXFileReference; lastKnownFileType = sourcecode.c.objc; path = UserDao.m; sourceTree = "<group>"; };
		21E3C52E22944C2E00E762FC /* UserModel.m */ = {isa = PBXFileReference; lastKnownFileType = sourcecode.c.objc; path = UserModel.m; sourceTree = "<group>"; };
		21E3C53022944C4900E762FC /* UserModel.h */ = {isa = PBXFileReference; lastKnownFileType = sourcecode.c.h; path = UserModel.h; sourceTree = "<group>"; };
		3E1530552298CE4A0076CDEE /* Outline.h */ = {isa = PBXFileReference; fileEncoding = 4; lastKnownFileType = sourcecode.c.h; path = Outline.h; sourceTree = "<group>"; };
		3E1530562298CE4A0076CDEE /* Outline.m */ = {isa = PBXFileReference; fileEncoding = 4; lastKnownFileType = sourcecode.c.objc; path = Outline.m; sourceTree = "<group>"; };
		3E1530572298CE4A0076CDEE /* OutlineCell.h */ = {isa = PBXFileReference; fileEncoding = 4; lastKnownFileType = sourcecode.c.h; path = OutlineCell.h; sourceTree = "<group>"; };
		3E1530582298CE4A0076CDEE /* OutlineCell.m */ = {isa = PBXFileReference; fileEncoding = 4; lastKnownFileType = sourcecode.c.objc; path = OutlineCell.m; sourceTree = "<group>"; };
		3E1530592298CE4A0076CDEE /* OutlineFrame.h */ = {isa = PBXFileReference; fileEncoding = 4; lastKnownFileType = sourcecode.c.h; path = OutlineFrame.h; sourceTree = "<group>"; };
		3E15305A2298CE4A0076CDEE /* OutlineFrame.m */ = {isa = PBXFileReference; fileEncoding = 4; lastKnownFileType = sourcecode.c.objc; path = OutlineFrame.m; sourceTree = "<group>"; };
		53EAF85D7772569EE92920BA /* Pods-Feed.debug.xcconfig */ = {isa = PBXFileReference; includeInIndex = 1; lastKnownFileType = text.xcconfig; name = "Pods-Feed.debug.xcconfig"; path = "Target Support Files/Pods-Feed/Pods-Feed.debug.xcconfig"; sourceTree = "<group>"; };
		8B58127076A095E7185F9AA6 /* Pods-FeedUITests.debug.xcconfig */ = {isa = PBXFileReference; includeInIndex = 1; lastKnownFileType = text.xcconfig; name = "Pods-FeedUITests.debug.xcconfig"; path = "Target Support Files/Pods-FeedUITests/Pods-FeedUITests.debug.xcconfig"; sourceTree = "<group>"; };
		A004311B22805833008D0579 /* 用户.png */ = {isa = PBXFileReference; lastKnownFileType = image.png; path = "用户.png"; sourceTree = "<group>"; };
		A004311C22805833008D0579 /* 视频.png */ = {isa = PBXFileReference; lastKnownFileType = image.png; path = "视频.png"; sourceTree = "<group>"; };
		A004311D22805833008D0579 /* 首页.png */ = {isa = PBXFileReference; lastKnownFileType = image.png; path = "首页.png"; sourceTree = "<group>"; };
		A03387D822804F4A0020858C /* Feed.app */ = {isa = PBXFileReference; explicitFileType = wrapper.application; includeInIndex = 0; path = Feed.app; sourceTree = BUILT_PRODUCTS_DIR; };
		A03387DB22804F4A0020858C /* AppDelegate.h */ = {isa = PBXFileReference; lastKnownFileType = sourcecode.c.h; path = AppDelegate.h; sourceTree = "<group>"; };
		A03387DC22804F4A0020858C /* AppDelegate.m */ = {isa = PBXFileReference; lastKnownFileType = sourcecode.c.objc; path = AppDelegate.m; sourceTree = "<group>"; };
		A03387E422804F4A0020858C /* Assets.xcassets */ = {isa = PBXFileReference; lastKnownFileType = folder.assetcatalog; path = Assets.xcassets; sourceTree = "<group>"; };
		A03387E722804F4A0020858C /* Base */ = {isa = PBXFileReference; lastKnownFileType = file.storyboard; name = Base; path = Base.lproj/LaunchScreen.storyboard; sourceTree = "<group>"; };
		A03387E922804F4A0020858C /* Info.plist */ = {isa = PBXFileReference; lastKnownFileType = text.plist.xml; path = Info.plist; sourceTree = "<group>"; };
		A03387EA22804F4A0020858C /* main.m */ = {isa = PBXFileReference; lastKnownFileType = sourcecode.c.objc; path = main.m; sourceTree = "<group>"; };
		A03387F022804F4A0020858C /* FeedTests.xctest */ = {isa = PBXFileReference; explicitFileType = wrapper.cfbundle; includeInIndex = 0; path = FeedTests.xctest; sourceTree = BUILT_PRODUCTS_DIR; };
		A03387F422804F4A0020858C /* FeedTests.m */ = {isa = PBXFileReference; lastKnownFileType = sourcecode.c.objc; path = FeedTests.m; sourceTree = "<group>"; };
		A03387F622804F4A0020858C /* Info.plist */ = {isa = PBXFileReference; lastKnownFileType = text.plist.xml; path = Info.plist; sourceTree = "<group>"; };
		A03387FB22804F4A0020858C /* FeedUITests.xctest */ = {isa = PBXFileReference; explicitFileType = wrapper.cfbundle; includeInIndex = 0; path = FeedUITests.xctest; sourceTree = BUILT_PRODUCTS_DIR; };
		A03387FF22804F4A0020858C /* FeedUITests.m */ = {isa = PBXFileReference; lastKnownFileType = sourcecode.c.objc; path = FeedUITests.m; sourceTree = "<group>"; };
		A033880122804F4A0020858C /* Info.plist */ = {isa = PBXFileReference; lastKnownFileType = text.plist.xml; path = Info.plist; sourceTree = "<group>"; };
		A033880D22804F600020858C /* RootViewController.h */ = {isa = PBXFileReference; lastKnownFileType = sourcecode.c.h; path = RootViewController.h; sourceTree = "<group>"; };
		A033880E22804F600020858C /* RootViewController.m */ = {isa = PBXFileReference; lastKnownFileType = sourcecode.c.objc; path = RootViewController.m; sourceTree = "<group>"; };
		A0338818228055D70020858C /* HomeViewController.h */ = {isa = PBXFileReference; lastKnownFileType = sourcecode.c.h; path = HomeViewController.h; sourceTree = "<group>"; };
		A0338819228055D70020858C /* HomeViewController.m */ = {isa = PBXFileReference; lastKnownFileType = sourcecode.c.objc; path = HomeViewController.m; sourceTree = "<group>"; };
		A033881B228056F40020858C /* LogInViewController.h */ = {isa = PBXFileReference; lastKnownFileType = sourcecode.c.h; path = LogInViewController.h; sourceTree = "<group>"; };
		A033881C228056F40020858C /* LogInViewController.m */ = {isa = PBXFileReference; lastKnownFileType = sourcecode.c.objc; path = LogInViewController.m; sourceTree = "<group>"; };
		A03AE036228BB0BF00D34188 /* InfoCell.h */ = {isa = PBXFileReference; lastKnownFileType = sourcecode.c.h; path = InfoCell.h; sourceTree = "<group>"; };
		A03AE037228BB0BF00D34188 /* InfoCell.m */ = {isa = PBXFileReference; lastKnownFileType = sourcecode.c.objc; path = InfoCell.m; sourceTree = "<group>"; };
		A04AD999228095F8007C03D7 /* EnterViewController.h */ = {isa = PBXFileReference; lastKnownFileType = sourcecode.c.h; path = EnterViewController.h; sourceTree = "<group>"; };
		A04AD99A228095F8007C03D7 /* EnterViewController.m */ = {isa = PBXFileReference; lastKnownFileType = sourcecode.c.objc; path = EnterViewController.m; sourceTree = "<group>"; };
		A05F73DC22815F2700A91D0C /* FriendViewController.h */ = {isa = PBXFileReference; lastKnownFileType = sourcecode.c.h; path = FriendViewController.h; sourceTree = "<group>"; };
		A05F73DD22815F2700A91D0C /* FriendViewController.m */ = {isa = PBXFileReference; lastKnownFileType = sourcecode.c.objc; path = FriendViewController.m; sourceTree = "<group>"; };
		A05F73DF22816D9400A91D0C /* 相机.png */ = {isa = PBXFileReference; lastKnownFileType = image.png; path = "相机.png"; sourceTree = "<group>"; };
		A073E63B22816E26003CA352 /* ReleaseViewController.h */ = {isa = PBXFileReference; lastKnownFileType = sourcecode.c.h; path = ReleaseViewController.h; sourceTree = "<group>"; };
		A073E63C22816E26003CA352 /* ReleaseViewController.m */ = {isa = PBXFileReference; lastKnownFileType = sourcecode.c.objc; path = ReleaseViewController.m; sourceTree = "<group>"; };
		A073E63E228174D6003CA352 /* 登录头像.png */ = {isa = PBXFileReference; lastKnownFileType = image.png; path = "登录头像.png"; sourceTree = "<group>"; };
		A073E64022818958003CA352 /* SignUpViewController.h */ = {isa = PBXFileReference; lastKnownFileType = sourcecode.c.h; path = SignUpViewController.h; sourceTree = "<group>"; };
		A073E64122818958003CA352 /* SignUpViewController.m */ = {isa = PBXFileReference; lastKnownFileType = sourcecode.c.objc; path = SignUpViewController.m; sourceTree = "<group>"; };
		A088925622918603006A649C /* ForgetPassWordViewController.m */ = {isa = PBXFileReference; fileEncoding = 4; lastKnownFileType = sourcecode.c.objc; path = ForgetPassWordViewController.m; sourceTree = "<group>"; };
		A088925722918603006A649C /* ForgetPassWordViewController.h */ = {isa = PBXFileReference; fileEncoding = 4; lastKnownFileType = sourcecode.c.h; path = ForgetPassWordViewController.h; sourceTree = "<group>"; };
		A0934E32228A95E3009F8F64 /* ditu.png */ = {isa = PBXFileReference; lastKnownFileType = image.png; path = ditu.png; sourceTree = "<group>"; };
		A0934E34228A9B45009F8F64 /* back.png */ = {isa = PBXFileReference; lastKnownFileType = image.png; path = back.png; sourceTree = "<group>"; };
		A0934E36228A9EE5009F8F64 /* logo.png */ = {isa = PBXFileReference; lastKnownFileType = image.png; path = logo.png; sourceTree = "<group>"; };
		A0934E38228AB1BC009F8F64 /* 头像.png */ = {isa = PBXFileReference; lastKnownFileType = image.png; path = "头像.png"; sourceTree = "<group>"; };
		A0934E3A228B0FAC009F8F64 /* PersonalInfoViewController.h */ = {isa = PBXFileReference; lastKnownFileType = sourcecode.c.h; path = PersonalInfoViewController.h; sourceTree = "<group>"; };
		A0934E3B228B0FAC009F8F64 /* PersonalInfoViewController.m */ = {isa = PBXFileReference; lastKnownFileType = sourcecode.c.objc; path = PersonalInfoViewController.m; sourceTree = "<group>"; };
		A09890CF2280959D0027ACCA /* MilitaryViewController.h */ = {isa = PBXFileReference; lastKnownFileType = sourcecode.c.h; path = MilitaryViewController.h; sourceTree = "<group>"; };
		A09890D02280959D0027ACCA /* MilitaryViewController.m */ = {isa = PBXFileReference; lastKnownFileType = sourcecode.c.objc; path = MilitaryViewController.m; sourceTree = "<group>"; };
		A0C2E1D4228EE9950068AEE3 /* ModifyPassWordViewController.h */ = {isa = PBXFileReference; lastKnownFileType = sourcecode.c.h; path = ModifyPassWordViewController.h; sourceTree = "<group>"; };
		A0C2E1D5228EE9950068AEE3 /* ModifyPassWordViewController.m */ = {isa = PBXFileReference; lastKnownFileType = sourcecode.c.objc; path = ModifyPassWordViewController.m; sourceTree = "<group>"; };
		A0C2E1D7228EF0690068AEE3 /* MyInfoViewController.h */ = {isa = PBXFileReference; lastKnownFileType = sourcecode.c.h; path = MyInfoViewController.h; sourceTree = "<group>"; };
		A0C2E1D8228EF0690068AEE3 /* MyInfoViewController.m */ = {isa = PBXFileReference; lastKnownFileType = sourcecode.c.objc; path = MyInfoViewController.m; sourceTree = "<group>"; };
		A0C2E1DA228EFEB60068AEE3 /* 无用户.png */ = {isa = PBXFileReference; lastKnownFileType = image.png; path = "无用户.png"; sourceTree = "<group>"; };
		A0C7E7AA228C30F80036EE8E /* place.plist */ = {isa = PBXFileReference; fileEncoding = 4; lastKnownFileType = text.plist.xml; path = place.plist; sourceTree = "<group>"; };
		A0C7E7AC228C311F0036EE8E /* PlacePicker.h */ = {isa = PBXFileReference; lastKnownFileType = sourcecode.c.h; path = PlacePicker.h; sourceTree = "<group>"; };
		A0C7E7AD228C311F0036EE8E /* PlacePicker.m */ = {isa = PBXFileReference; lastKnownFileType = sourcecode.c.objc; path = PlacePicker.m; sourceTree = "<group>"; };
		A0C7E7AF228C33D70036EE8E /* PlaceModel.h */ = {isa = PBXFileReference; lastKnownFileType = sourcecode.c.h; path = PlaceModel.h; sourceTree = "<group>"; };
		A0C7E7B0228C33D70036EE8E /* PlaceModel.m */ = {isa = PBXFileReference; lastKnownFileType = sourcecode.c.objc; path = PlaceModel.m; sourceTree = "<group>"; };
		A0C7E7B2228C81D50036EE8E /* inputViewController.h */ = {isa = PBXFileReference; lastKnownFileType = sourcecode.c.h; path = inputViewController.h; sourceTree = "<group>"; };
		A0C7E7B3228C81D50036EE8E /* inputViewController.m */ = {isa = PBXFileReference; lastKnownFileType = sourcecode.c.objc; path = inputViewController.m; sourceTree = "<group>"; };
		A0FA6E9C2280780000C70080 /* ScrollViewController.h */ = {isa = PBXFileReference; lastKnownFileType = sourcecode.c.h; path = ScrollViewController.h; sourceTree = "<group>"; };
		A0FA6E9D2280780000C70080 /* ScrollViewController.m */ = {isa = PBXFileReference; lastKnownFileType = sourcecode.c.objc; path = ScrollViewController.m; sourceTree = "<group>"; };
		A0FA6EA52280947400C70080 /* AttentionViewController.h */ = {isa = PBXFileReference; lastKnownFileType = sourcecode.c.h; path = AttentionViewController.h; sourceTree = "<group>"; };
		A0FA6EA62280947400C70080 /* AttentionViewController.m */ = {isa = PBXFileReference; lastKnownFileType = sourcecode.c.objc; path = AttentionViewController.m; sourceTree = "<group>"; };
		A0FA6EA8228094A100C70080 /* RecommendViewController.h */ = {isa = PBXFileReference; lastKnownFileType = sourcecode.c.h; path = RecommendViewController.h; sourceTree = "<group>"; };
		A0FA6EA9228094A100C70080 /* RecommendViewController.m */ = {isa = PBXFileReference; lastKnownFileType = sourcecode.c.objc; path = RecommendViewController.m; sourceTree = "<group>"; };
		A0FA6EAB228094C600C70080 /* PEViewController.h */ = {isa = PBXFileReference; lastKnownFileType = sourcecode.c.h; path = PEViewController.h; sourceTree = "<group>"; };
		A0FA6EAC228094C600C70080 /* PEViewController.m */ = {isa = PBXFileReference; lastKnownFileType = sourcecode.c.objc; path = PEViewController.m; sourceTree = "<group>"; };
		A0FA6EAE228094DC00C70080 /* TechViewController.h */ = {isa = PBXFileReference; lastKnownFileType = sourcecode.c.h; path = TechViewController.h; sourceTree = "<group>"; };
		A0FA6EAF228094DC00C70080 /* TechViewController.m */ = {isa = PBXFileReference; lastKnownFileType = sourcecode.c.objc; path = TechViewController.m; sourceTree = "<group>"; };
		AB0BF4D6C04074383B93EF2D /* libPods-Feed.a */ = {isa = PBXFileReference; explicitFileType = archive.ar; includeInIndex = 0; path = "libPods-Feed.a"; sourceTree = BUILT_PRODUCTS_DIR; };
		B0BB48D91C2CC2D6FD4999ED /* Pods-FeedTests.debug.xcconfig */ = {isa = PBXFileReference; includeInIndex = 1; lastKnownFileType = text.xcconfig; name = "Pods-FeedTests.debug.xcconfig"; path = "Target Support Files/Pods-FeedTests/Pods-FeedTests.debug.xcconfig"; sourceTree = "<group>"; };
		BBBA3065D523C090B8BC87EB /* Pods-FeedTests.release.xcconfig */ = {isa = PBXFileReference; includeInIndex = 1; lastKnownFileType = text.xcconfig; name = "Pods-FeedTests.release.xcconfig"; path = "Target Support Files/Pods-FeedTests/Pods-FeedTests.release.xcconfig"; sourceTree = "<group>"; };
		D315F0AD55F264A2979FE4AF /* libPods-FeedUITests.a */ = {isa = PBXFileReference; explicitFileType = archive.ar; includeInIndex = 0; path = "libPods-FeedUITests.a"; sourceTree = BUILT_PRODUCTS_DIR; };
		ED9CB8D9AF36DA10069B96B8 /* libPods-FeedTests.a */ = {isa = PBXFileReference; explicitFileType = archive.ar; includeInIndex = 0; path = "libPods-FeedTests.a"; sourceTree = BUILT_PRODUCTS_DIR; };
		FEE073A271D1FD5DD21C467E /* Pods-Feed.release.xcconfig */ = {isa = PBXFileReference; includeInIndex = 1; lastKnownFileType = text.xcconfig; name = "Pods-Feed.release.xcconfig"; path = "Target Support Files/Pods-Feed/Pods-Feed.release.xcconfig"; sourceTree = "<group>"; };
/* End PBXFileReference section */

/* Begin PBXFrameworksBuildPhase section */
		A03387D522804F4A0020858C /* Frameworks */ = {
			isa = PBXFrameworksBuildPhase;
			buildActionMask = 2147483647;
			files = (
				7C618DE4FDC206215BB8BF0A /* libPods-Feed.a in Frameworks */,
			);
			runOnlyForDeploymentPostprocessing = 0;
		};
		A03387ED22804F4A0020858C /* Frameworks */ = {
			isa = PBXFrameworksBuildPhase;
			buildActionMask = 2147483647;
			files = (
				2C466B317E9D066D866667F3 /* libPods-FeedTests.a in Frameworks */,
			);
			runOnlyForDeploymentPostprocessing = 0;
		};
		A03387F822804F4A0020858C /* Frameworks */ = {
			isa = PBXFrameworksBuildPhase;
			buildActionMask = 2147483647;
			files = (
				0200C22A252C6116D4A366C1 /* libPods-FeedUITests.a in Frameworks */,
			);
			runOnlyForDeploymentPostprocessing = 0;
		};
/* End PBXFrameworksBuildPhase section */

/* Begin PBXGroup section */
		21E3C52A22944BD900E762FC /* Model */ = {
			isa = PBXGroup;
			children = (
				21E3C52B22944BF000E762FC /* UserDao.h */,
				21E3C52C22944C1400E762FC /* UserDao.m */,
				21E3C52E22944C2E00E762FC /* UserModel.m */,
				21E3C53022944C4900E762FC /* UserModel.h */,
			);
			path = Model;
			sourceTree = "<group>";
		};
		23D216CCF555A039CF532223 /* Pods */ = {
			isa = PBXGroup;
			children = (
				53EAF85D7772569EE92920BA /* Pods-Feed.debug.xcconfig */,
				FEE073A271D1FD5DD21C467E /* Pods-Feed.release.xcconfig */,
				B0BB48D91C2CC2D6FD4999ED /* Pods-FeedTests.debug.xcconfig */,
				BBBA3065D523C090B8BC87EB /* Pods-FeedTests.release.xcconfig */,
				8B58127076A095E7185F9AA6 /* Pods-FeedUITests.debug.xcconfig */,
				1D5A1E00DD5E56A9281BFE9F /* Pods-FeedUITests.release.xcconfig */,
			);
			path = Pods;
			sourceTree = "<group>";
		};
		3E1530542298CE4A0076CDEE /* OutlineModel */ = {
			isa = PBXGroup;
			children = (
				3E1530552298CE4A0076CDEE /* Outline.h */,
				3E1530562298CE4A0076CDEE /* Outline.m */,
				3E1530572298CE4A0076CDEE /* OutlineCell.h */,
				3E1530582298CE4A0076CDEE /* OutlineCell.m */,
				3E1530592298CE4A0076CDEE /* OutlineFrame.h */,
				3E15305A2298CE4A0076CDEE /* OutlineFrame.m */,
			);
			path = OutlineModel;
			sourceTree = "<group>";
		};
		A004311A22805833008D0579 /* resource */ = {
			isa = PBXGroup;
			children = (
				A0C2E1DA228EFEB60068AEE3 /* 无用户.png */,
				A0934E38228AB1BC009F8F64 /* 头像.png */,
				A0934E36228A9EE5009F8F64 /* logo.png */,
				A0934E34228A9B45009F8F64 /* back.png */,
				A073E63E228174D6003CA352 /* 登录头像.png */,
				A05F73DF22816D9400A91D0C /* 相机.png */,
				A004311B22805833008D0579 /* 用户.png */,
				A0934E32228A95E3009F8F64 /* ditu.png */,
				A004311C22805833008D0579 /* 视频.png */,
				A004311D22805833008D0579 /* 首页.png */,
			);
			path = resource;
			sourceTree = "<group>";
		};
		A03387CF22804F4A0020858C = {
			isa = PBXGroup;
			children = (
				A03387DA22804F4A0020858C /* Feed */,
				A03387F322804F4A0020858C /* FeedTests */,
				A03387FE22804F4A0020858C /* FeedUITests */,
				A03387D922804F4A0020858C /* Products */,
				23D216CCF555A039CF532223 /* Pods */,
				FE7B9E5761688E9A63C742A1 /* Frameworks */,
			);
			sourceTree = "<group>";
		};
		A03387D922804F4A0020858C /* Products */ = {
			isa = PBXGroup;
			children = (
				A03387D822804F4A0020858C /* Feed.app */,
				A03387F022804F4A0020858C /* FeedTests.xctest */,
				A03387FB22804F4A0020858C /* FeedUITests.xctest */,
			);
			name = Products;
			sourceTree = "<group>";
		};
		A03387DA22804F4A0020858C /* Feed */ = {
			isa = PBXGroup;
			children = (
				3E1530542298CE4A0076CDEE /* OutlineModel */,
				21E3C52A22944BD900E762FC /* Model */,
				A073E64322818969003CA352 /* LogIn */,
				A0FA6EA02280782A00C70080 /* Home */,
				A004311A22805833008D0579 /* resource */,
				A03387DB22804F4A0020858C /* AppDelegate.h */,
				A03387DC22804F4A0020858C /* AppDelegate.m */,
				A03387E422804F4A0020858C /* Assets.xcassets */,
				A03387E622804F4A0020858C /* LaunchScreen.storyboard */,
				A03387E922804F4A0020858C /* Info.plist */,
				A03387EA22804F4A0020858C /* main.m */,
				A033880D22804F600020858C /* RootViewController.h */,
				A033880E22804F600020858C /* RootViewController.m */,
				A0338818228055D70020858C /* HomeViewController.h */,
				A0338819228055D70020858C /* HomeViewController.m */,
				A033881B228056F40020858C /* LogInViewController.h */,
				A033881C228056F40020858C /* LogInViewController.m */,
				A073E63B22816E26003CA352 /* ReleaseViewController.h */,
				A073E63C22816E26003CA352 /* ReleaseViewController.m */,
			);
			path = Feed;
			sourceTree = "<group>";
		};
		A03387F322804F4A0020858C /* FeedTests */ = {
			isa = PBXGroup;
			children = (
				A03387F422804F4A0020858C /* FeedTests.m */,
				A03387F622804F4A0020858C /* Info.plist */,
			);
			path = FeedTests;
			sourceTree = "<group>";
		};
		A03387FE22804F4A0020858C /* FeedUITests */ = {
			isa = PBXGroup;
			children = (
				A03387FF22804F4A0020858C /* FeedUITests.m */,
				A033880122804F4A0020858C /* Info.plist */,
			);
			path = FeedUITests;
			sourceTree = "<group>";
		};
		A05F73DB22815EFC00A91D0C /* Attention */ = {
			isa = PBXGroup;
			children = (
				A05F73DC22815F2700A91D0C /* FriendViewController.h */,
				A05F73DD22815F2700A91D0C /* FriendViewController.m */,
			);
			path = Attention;
			sourceTree = "<group>";
		};
		A073E64322818969003CA352 /* LogIn */ = {
			isa = PBXGroup;
			children = (
				A0C7E7A9228C30F80036EE8E /* PlacePicker */,
				A073E64022818958003CA352 /* SignUpViewController.h */,
				A073E64122818958003CA352 /* SignUpViewController.m */,
				A0C7E7B2228C81D50036EE8E /* inputViewController.h */,
				A0C7E7B3228C81D50036EE8E /* inputViewController.m */,
				A0934E3A228B0FAC009F8F64 /* PersonalInfoViewController.h */,
				A0934E3B228B0FAC009F8F64 /* PersonalInfoViewController.m */,
				A03AE036228BB0BF00D34188 /* InfoCell.h */,
				A03AE037228BB0BF00D34188 /* InfoCell.m */,
				A088925722918603006A649C /* ForgetPassWordViewController.h */,
				A088925622918603006A649C /* ForgetPassWordViewController.m */,
				A0C2E1D4228EE9950068AEE3 /* ModifyPassWordViewController.h */,
				A0C2E1D5228EE9950068AEE3 /* ModifyPassWordViewController.m */,
				A0C2E1D7228EF0690068AEE3 /* MyInfoViewController.h */,
				A0C2E1D8228EF0690068AEE3 /* MyInfoViewController.m */,
			);
			path = LogIn;
			sourceTree = "<group>";
		};
		A0C7E7A9228C30F80036EE8E /* PlacePicker */ = {
			isa = PBXGroup;
			children = (
				A0C7E7AA228C30F80036EE8E /* place.plist */,
				A0C7E7AC228C311F0036EE8E /* PlacePicker.h */,
				A0C7E7AD228C311F0036EE8E /* PlacePicker.m */,
				A0C7E7AF228C33D70036EE8E /* PlaceModel.h */,
				A0C7E7B0228C33D70036EE8E /* PlaceModel.m */,
			);
			path = PlacePicker;
			sourceTree = "<group>";
		};
		A0FA6EA02280782A00C70080 /* Home */ = {
			isa = PBXGroup;
			children = (
				A0FA6EA42280944500C70080 /* Scroll */,
				A0FA6E9C2280780000C70080 /* ScrollViewController.h */,
				A0FA6E9D2280780000C70080 /* ScrollViewController.m */,
			);
			path = Home;
			sourceTree = "<group>";
		};
		A0FA6EA42280944500C70080 /* Scroll */ = {
			isa = PBXGroup;
			children = (
				A05F73DB22815EFC00A91D0C /* Attention */,
				A0FA6EA52280947400C70080 /* AttentionViewController.h */,
				A0FA6EA62280947400C70080 /* AttentionViewController.m */,
				A0FA6EA8228094A100C70080 /* RecommendViewController.h */,
				A0FA6EA9228094A100C70080 /* RecommendViewController.m */,
				A0FA6EAB228094C600C70080 /* PEViewController.h */,
				A0FA6EAC228094C600C70080 /* PEViewController.m */,
				A0FA6EAE228094DC00C70080 /* TechViewController.h */,
				A0FA6EAF228094DC00C70080 /* TechViewController.m */,
				A09890CF2280959D0027ACCA /* MilitaryViewController.h */,
				A09890D02280959D0027ACCA /* MilitaryViewController.m */,
				A04AD999228095F8007C03D7 /* EnterViewController.h */,
				A04AD99A228095F8007C03D7 /* EnterViewController.m */,
			);
			path = Scroll;
			sourceTree = "<group>";
		};
		FE7B9E5761688E9A63C742A1 /* Frameworks */ = {
			isa = PBXGroup;
			children = (
				AB0BF4D6C04074383B93EF2D /* libPods-Feed.a */,
				ED9CB8D9AF36DA10069B96B8 /* libPods-FeedTests.a */,
				D315F0AD55F264A2979FE4AF /* libPods-FeedUITests.a */,
			);
			name = Frameworks;
			sourceTree = "<group>";
		};
/* End PBXGroup section */

/* Begin PBXNativeTarget section */
		A03387D722804F4A0020858C /* Feed */ = {
			isa = PBXNativeTarget;
			buildConfigurationList = A033880422804F4A0020858C /* Build configuration list for PBXNativeTarget "Feed" */;
			buildPhases = (
				4C990ADA4F7B5771AE55ABCD /* [CP] Check Pods Manifest.lock */,
				A03387D422804F4A0020858C /* Sources */,
				A03387D522804F4A0020858C /* Frameworks */,
				A03387D622804F4A0020858C /* Resources */,
			);
			buildRules = (
			);
			dependencies = (
			);
			name = Feed;
			productName = Feed;
			productReference = A03387D822804F4A0020858C /* Feed.app */;
			productType = "com.apple.product-type.application";
		};
		A03387EF22804F4A0020858C /* FeedTests */ = {
			isa = PBXNativeTarget;
			buildConfigurationList = A033880722804F4A0020858C /* Build configuration list for PBXNativeTarget "FeedTests" */;
			buildPhases = (
				675DC1650DA4C09494735F77 /* [CP] Check Pods Manifest.lock */,
				A03387EC22804F4A0020858C /* Sources */,
				A03387ED22804F4A0020858C /* Frameworks */,
				A03387EE22804F4A0020858C /* Resources */,
			);
			buildRules = (
			);
			dependencies = (
				A03387F222804F4A0020858C /* PBXTargetDependency */,
			);
			name = FeedTests;
			productName = FeedTests;
			productReference = A03387F022804F4A0020858C /* FeedTests.xctest */;
			productType = "com.apple.product-type.bundle.unit-test";
		};
		A03387FA22804F4A0020858C /* FeedUITests */ = {
			isa = PBXNativeTarget;
			buildConfigurationList = A033880A22804F4A0020858C /* Build configuration list for PBXNativeTarget "FeedUITests" */;
			buildPhases = (
				BA379D735EDA92654A09E37A /* [CP] Check Pods Manifest.lock */,
				A03387F722804F4A0020858C /* Sources */,
				A03387F822804F4A0020858C /* Frameworks */,
				A03387F922804F4A0020858C /* Resources */,
			);
			buildRules = (
			);
			dependencies = (
				A03387FD22804F4A0020858C /* PBXTargetDependency */,
			);
			name = FeedUITests;
			productName = FeedUITests;
			productReference = A03387FB22804F4A0020858C /* FeedUITests.xctest */;
			productType = "com.apple.product-type.bundle.ui-testing";
		};
/* End PBXNativeTarget section */

/* Begin PBXProject section */
		A03387D022804F4A0020858C /* Project object */ = {
			isa = PBXProject;
			attributes = {
				LastUpgradeCheck = 1010;
				ORGANIZATIONNAME = "peiyu wang";
				TargetAttributes = {
					A03387D722804F4A0020858C = {
						CreatedOnToolsVersion = 10.1;
					};
					A03387EF22804F4A0020858C = {
						CreatedOnToolsVersion = 10.1;
						TestTargetID = A03387D722804F4A0020858C;
					};
					A03387FA22804F4A0020858C = {
						CreatedOnToolsVersion = 10.1;
						TestTargetID = A03387D722804F4A0020858C;
					};
				};
			};
			buildConfigurationList = A03387D322804F4A0020858C /* Build configuration list for PBXProject "Feed" */;
			compatibilityVersion = "Xcode 9.3";
			developmentRegion = en;
			hasScannedForEncodings = 0;
			knownRegions = (
				en,
				Base,
			);
			mainGroup = A03387CF22804F4A0020858C;
			productRefGroup = A03387D922804F4A0020858C /* Products */;
			projectDirPath = "";
			projectRoot = "";
			targets = (
				A03387D722804F4A0020858C /* Feed */,
				A03387EF22804F4A0020858C /* FeedTests */,
				A03387FA22804F4A0020858C /* FeedUITests */,
			);
		};
/* End PBXProject section */

/* Begin PBXResourcesBuildPhase section */
		A03387D622804F4A0020858C /* Resources */ = {
			isa = PBXResourcesBuildPhase;
			buildActionMask = 2147483647;
			files = (
				A004312022805833008D0579 /* 首页.png in Resources */,
				A0934E33228A95E3009F8F64 /* ditu.png in Resources */,
				A0934E35228A9B45009F8F64 /* back.png in Resources */,
				A0C2E1DB228EFEB60068AEE3 /* 无用户.png in Resources */,
				A004311F22805833008D0579 /* 视频.png in Resources */,
				A004311E22805833008D0579 /* 用户.png in Resources */,
				A03387E822804F4A0020858C /* LaunchScreen.storyboard in Resources */,
				A0C7E7AB228C30F80036EE8E /* place.plist in Resources */,
				A0934E39228AB1BC009F8F64 /* 头像.png in Resources */,
				A0934E37228A9EE5009F8F64 /* logo.png in Resources */,
				A073E63F228174D6003CA352 /* 登录头像.png in Resources */,
				A03387E522804F4A0020858C /* Assets.xcassets in Resources */,
				A05F73E022816D9400A91D0C /* 相机.png in Resources */,
			);
			runOnlyForDeploymentPostprocessing = 0;
		};
		A03387EE22804F4A0020858C /* Resources */ = {
			isa = PBXResourcesBuildPhase;
			buildActionMask = 2147483647;
			files = (
			);
			runOnlyForDeploymentPostprocessing = 0;
		};
		A03387F922804F4A0020858C /* Resources */ = {
			isa = PBXResourcesBuildPhase;
			buildActionMask = 2147483647;
			files = (
			);
			runOnlyForDeploymentPostprocessing = 0;
		};
/* End PBXResourcesBuildPhase section */

/* Begin PBXShellScriptBuildPhase section */
		4C990ADA4F7B5771AE55ABCD /* [CP] Check Pods Manifest.lock */ = {
			isa = PBXShellScriptBuildPhase;
			buildActionMask = 2147483647;
			files = (
			);
			inputFileListPaths = (
			);
			inputPaths = (
				"${PODS_PODFILE_DIR_PATH}/Podfile.lock",
				"${PODS_ROOT}/Manifest.lock",
			);
			name = "[CP] Check Pods Manifest.lock";
			outputFileListPaths = (
			);
			outputPaths = (
				"$(DERIVED_FILE_DIR)/Pods-Feed-checkManifestLockResult.txt",
			);
			runOnlyForDeploymentPostprocessing = 0;
			shellPath = /bin/sh;
			shellScript = "diff \"${PODS_PODFILE_DIR_PATH}/Podfile.lock\" \"${PODS_ROOT}/Manifest.lock\" > /dev/null\nif [ $? != 0 ] ; then\n    # print error to STDERR\n    echo \"error: The sandbox is not in sync with the Podfile.lock. Run 'pod install' or update your CocoaPods installation.\" >&2\n    exit 1\nfi\n# This output is used by Xcode 'outputs' to avoid re-running this script phase.\necho \"SUCCESS\" > \"${SCRIPT_OUTPUT_FILE_0}\"\n";
			showEnvVarsInLog = 0;
		};
		675DC1650DA4C09494735F77 /* [CP] Check Pods Manifest.lock */ = {
			isa = PBXShellScriptBuildPhase;
			buildActionMask = 2147483647;
			files = (
			);
			inputFileListPaths = (
			);
			inputPaths = (
				"${PODS_PODFILE_DIR_PATH}/Podfile.lock",
				"${PODS_ROOT}/Manifest.lock",
			);
			name = "[CP] Check Pods Manifest.lock";
			outputFileListPaths = (
			);
			outputPaths = (
				"$(DERIVED_FILE_DIR)/Pods-FeedTests-checkManifestLockResult.txt",
			);
			runOnlyForDeploymentPostprocessing = 0;
			shellPath = /bin/sh;
			shellScript = "diff \"${PODS_PODFILE_DIR_PATH}/Podfile.lock\" \"${PODS_ROOT}/Manifest.lock\" > /dev/null\nif [ $? != 0 ] ; then\n    # print error to STDERR\n    echo \"error: The sandbox is not in sync with the Podfile.lock. Run 'pod install' or update your CocoaPods installation.\" >&2\n    exit 1\nfi\n# This output is used by Xcode 'outputs' to avoid re-running this script phase.\necho \"SUCCESS\" > \"${SCRIPT_OUTPUT_FILE_0}\"\n";
			showEnvVarsInLog = 0;
		};
		BA379D735EDA92654A09E37A /* [CP] Check Pods Manifest.lock */ = {
			isa = PBXShellScriptBuildPhase;
			buildActionMask = 2147483647;
			files = (
			);
			inputFileListPaths = (
			);
			inputPaths = (
				"${PODS_PODFILE_DIR_PATH}/Podfile.lock",
				"${PODS_ROOT}/Manifest.lock",
			);
			name = "[CP] Check Pods Manifest.lock";
			outputFileListPaths = (
			);
			outputPaths = (
				"$(DERIVED_FILE_DIR)/Pods-FeedUITests-checkManifestLockResult.txt",
			);
			runOnlyForDeploymentPostprocessing = 0;
			shellPath = /bin/sh;
			shellScript = "diff \"${PODS_PODFILE_DIR_PATH}/Podfile.lock\" \"${PODS_ROOT}/Manifest.lock\" > /dev/null\nif [ $? != 0 ] ; then\n    # print error to STDERR\n    echo \"error: The sandbox is not in sync with the Podfile.lock. Run 'pod install' or update your CocoaPods installation.\" >&2\n    exit 1\nfi\n# This output is used by Xcode 'outputs' to avoid re-running this script phase.\necho \"SUCCESS\" > \"${SCRIPT_OUTPUT_FILE_0}\"\n";
			showEnvVarsInLog = 0;
		};
/* End PBXShellScriptBuildPhase section */

/* Begin PBXSourcesBuildPhase section */
		A03387D422804F4A0020858C /* Sources */ = {
			isa = PBXSourcesBuildPhase;
			buildActionMask = 2147483647;
			files = (
				21E3C52D22944C1400E762FC /* UserDao.m in Sources */,
				A0C7E7B4228C81D50036EE8E /* inputViewController.m in Sources */,
				A0FA6E9E2280780000C70080 /* ScrollViewController.m in Sources */,
				A0FA6EAA228094A100C70080 /* RecommendViewController.m in Sources */,
				3E15305D2298CE4A0076CDEE /* OutlineFrame.m in Sources */,
				A0FA6EB0228094DC00C70080 /* TechViewController.m in Sources */,
				A03387EB22804F4A0020858C /* main.m in Sources */,
				A0C2E1D6228EE9950068AEE3 /* ModifyPassWordViewController.m in Sources */,
				21E3C52F22944C2E00E762FC /* UserModel.m in Sources */,
				A033880F22804F600020858C /* RootViewController.m in Sources */,
				A033881D228056F40020858C /* LogInViewController.m in Sources */,
				A0C2E1D9228EF0690068AEE3 /* MyInfoViewController.m in Sources */,
				A088925822918603006A649C /* ForgetPassWordViewController.m in Sources */,
				A0FA6EAD228094C600C70080 /* PEViewController.m in Sources */,
				A03387DD22804F4A0020858C /* AppDelegate.m in Sources */,
				A073E63D22816E26003CA352 /* ReleaseViewController.m in Sources */,
				A033881A228055D70020858C /* HomeViewController.m in Sources */,
				A03AE038228BB0BF00D34188 /* InfoCell.m in Sources */,
				A09890D12280959D0027ACCA /* MilitaryViewController.m in Sources */,
				3E15305B2298CE4A0076CDEE /* Outline.m in Sources */,
				A0C7E7B1228C33D70036EE8E /* PlaceModel.m in Sources */,
				A073E64222818958003CA352 /* SignUpViewController.m in Sources */,
				A0C7E7AE228C311F0036EE8E /* PlacePicker.m in Sources */,
				A0934E3C228B0FAC009F8F64 /* PersonalInfoViewController.m in Sources */,
				3E15305C2298CE4A0076CDEE /* OutlineCell.m in Sources */,
				A0FA6EA72280947400C70080 /* AttentionViewController.m in Sources */,
				A05F73DE22815F2700A91D0C /* FriendViewController.m in Sources */,
				A04AD99B228095F8007C03D7 /* EnterViewController.m in Sources */,
			);
			runOnlyForDeploymentPostprocessing = 0;
		};
		A03387EC22804F4A0020858C /* Sources */ = {
			isa = PBXSourcesBuildPhase;
			buildActionMask = 2147483647;
			files = (
				A03387F522804F4A0020858C /* FeedTests.m in Sources */,
			);
			runOnlyForDeploymentPostprocessing = 0;
		};
		A03387F722804F4A0020858C /* Sources */ = {
			isa = PBXSourcesBuildPhase;
			buildActionMask = 2147483647;
			files = (
				A033880022804F4A0020858C /* FeedUITests.m in Sources */,
			);
			runOnlyForDeploymentPostprocessing = 0;
		};
/* End PBXSourcesBuildPhase section */

/* Begin PBXTargetDependency section */
		A03387F222804F4A0020858C /* PBXTargetDependency */ = {
			isa = PBXTargetDependency;
			target = A03387D722804F4A0020858C /* Feed */;
			targetProxy = A03387F122804F4A0020858C /* PBXContainerItemProxy */;
		};
		A03387FD22804F4A0020858C /* PBXTargetDependency */ = {
			isa = PBXTargetDependency;
			target = A03387D722804F4A0020858C /* Feed */;
			targetProxy = A03387FC22804F4A0020858C /* PBXContainerItemProxy */;
		};
/* End PBXTargetDependency section */

/* Begin PBXVariantGroup section */
		A03387E622804F4A0020858C /* LaunchScreen.storyboard */ = {
			isa = PBXVariantGroup;
			children = (
				A03387E722804F4A0020858C /* Base */,
			);
			name = LaunchScreen.storyboard;
			sourceTree = "<group>";
		};
/* End PBXVariantGroup section */

/* Begin XCBuildConfiguration section */
		A033880222804F4A0020858C /* Debug */ = {
			isa = XCBuildConfiguration;
			buildSettings = {
				ALWAYS_SEARCH_USER_PATHS = NO;
				CLANG_ANALYZER_NONNULL = YES;
				CLANG_ANALYZER_NUMBER_OBJECT_CONVERSION = YES_AGGRESSIVE;
				CLANG_CXX_LANGUAGE_STANDARD = "gnu++14";
				CLANG_CXX_LIBRARY = "libc++";
				CLANG_ENABLE_MODULES = YES;
				CLANG_ENABLE_OBJC_ARC = YES;
				CLANG_ENABLE_OBJC_WEAK = YES;
				CLANG_WARN_BLOCK_CAPTURE_AUTORELEASING = YES;
				CLANG_WARN_BOOL_CONVERSION = YES;
				CLANG_WARN_COMMA = YES;
				CLANG_WARN_CONSTANT_CONVERSION = YES;
				CLANG_WARN_DEPRECATED_OBJC_IMPLEMENTATIONS = YES;
				CLANG_WARN_DIRECT_OBJC_ISA_USAGE = YES_ERROR;
				CLANG_WARN_DOCUMENTATION_COMMENTS = YES;
				CLANG_WARN_EMPTY_BODY = YES;
				CLANG_WARN_ENUM_CONVERSION = YES;
				CLANG_WARN_INFINITE_RECURSION = YES;
				CLANG_WARN_INT_CONVERSION = YES;
				CLANG_WARN_NON_LITERAL_NULL_CONVERSION = YES;
				CLANG_WARN_OBJC_IMPLICIT_RETAIN_SELF = YES;
				CLANG_WARN_OBJC_LITERAL_CONVERSION = YES;
				CLANG_WARN_OBJC_ROOT_CLASS = YES_ERROR;
				CLANG_WARN_RANGE_LOOP_ANALYSIS = YES;
				CLANG_WARN_STRICT_PROTOTYPES = YES;
				CLANG_WARN_SUSPICIOUS_MOVE = YES;
				CLANG_WARN_UNGUARDED_AVAILABILITY = YES_AGGRESSIVE;
				CLANG_WARN_UNREACHABLE_CODE = YES;
				CLANG_WARN__DUPLICATE_METHOD_MATCH = YES;
				CODE_SIGN_IDENTITY = "iPhone Developer";
				COPY_PHASE_STRIP = NO;
				DEBUG_INFORMATION_FORMAT = dwarf;
				ENABLE_STRICT_OBJC_MSGSEND = YES;
				ENABLE_TESTABILITY = YES;
				GCC_C_LANGUAGE_STANDARD = gnu11;
				GCC_DYNAMIC_NO_PIC = NO;
				GCC_NO_COMMON_BLOCKS = YES;
				GCC_OPTIMIZATION_LEVEL = 0;
				GCC_PREPROCESSOR_DEFINITIONS = (
					"DEBUG=1",
					"$(inherited)",
				);
				GCC_WARN_64_TO_32_BIT_CONVERSION = YES;
				GCC_WARN_ABOUT_RETURN_TYPE = YES_ERROR;
				GCC_WARN_UNDECLARED_SELECTOR = YES;
				GCC_WARN_UNINITIALIZED_AUTOS = YES_AGGRESSIVE;
				GCC_WARN_UNUSED_FUNCTION = YES;
				GCC_WARN_UNUSED_VARIABLE = YES;
				IPHONEOS_DEPLOYMENT_TARGET = 12.1;
				MTL_ENABLE_DEBUG_INFO = INCLUDE_SOURCE;
				MTL_FAST_MATH = YES;
				ONLY_ACTIVE_ARCH = YES;
				SDKROOT = iphoneos;
			};
			name = Debug;
		};
		A033880322804F4A0020858C /* Release */ = {
			isa = XCBuildConfiguration;
			buildSettings = {
				ALWAYS_SEARCH_USER_PATHS = NO;
				CLANG_ANALYZER_NONNULL = YES;
				CLANG_ANALYZER_NUMBER_OBJECT_CONVERSION = YES_AGGRESSIVE;
				CLANG_CXX_LANGUAGE_STANDARD = "gnu++14";
				CLANG_CXX_LIBRARY = "libc++";
				CLANG_ENABLE_MODULES = YES;
				CLANG_ENABLE_OBJC_ARC = YES;
				CLANG_ENABLE_OBJC_WEAK = YES;
				CLANG_WARN_BLOCK_CAPTURE_AUTORELEASING = YES;
				CLANG_WARN_BOOL_CONVERSION = YES;
				CLANG_WARN_COMMA = YES;
				CLANG_WARN_CONSTANT_CONVERSION = YES;
				CLANG_WARN_DEPRECATED_OBJC_IMPLEMENTATIONS = YES;
				CLANG_WARN_DIRECT_OBJC_ISA_USAGE = YES_ERROR;
				CLANG_WARN_DOCUMENTATION_COMMENTS = YES;
				CLANG_WARN_EMPTY_BODY = YES;
				CLANG_WARN_ENUM_CONVERSION = YES;
				CLANG_WARN_INFINITE_RECURSION = YES;
				CLANG_WARN_INT_CONVERSION = YES;
				CLANG_WARN_NON_LITERAL_NULL_CONVERSION = YES;
				CLANG_WARN_OBJC_IMPLICIT_RETAIN_SELF = YES;
				CLANG_WARN_OBJC_LITERAL_CONVERSION = YES;
				CLANG_WARN_OBJC_ROOT_CLASS = YES_ERROR;
				CLANG_WARN_RANGE_LOOP_ANALYSIS = YES;
				CLANG_WARN_STRICT_PROTOTYPES = YES;
				CLANG_WARN_SUSPICIOUS_MOVE = YES;
				CLANG_WARN_UNGUARDED_AVAILABILITY = YES_AGGRESSIVE;
				CLANG_WARN_UNREACHABLE_CODE = YES;
				CLANG_WARN__DUPLICATE_METHOD_MATCH = YES;
				CODE_SIGN_IDENTITY = "iPhone Developer";
				COPY_PHASE_STRIP = NO;
				DEBUG_INFORMATION_FORMAT = "dwarf-with-dsym";
				ENABLE_NS_ASSERTIONS = NO;
				ENABLE_STRICT_OBJC_MSGSEND = YES;
				GCC_C_LANGUAGE_STANDARD = gnu11;
				GCC_NO_COMMON_BLOCKS = YES;
				GCC_WARN_64_TO_32_BIT_CONVERSION = YES;
				GCC_WARN_ABOUT_RETURN_TYPE = YES_ERROR;
				GCC_WARN_UNDECLARED_SELECTOR = YES;
				GCC_WARN_UNINITIALIZED_AUTOS = YES_AGGRESSIVE;
				GCC_WARN_UNUSED_FUNCTION = YES;
				GCC_WARN_UNUSED_VARIABLE = YES;
				IPHONEOS_DEPLOYMENT_TARGET = 12.1;
				MTL_ENABLE_DEBUG_INFO = NO;
				MTL_FAST_MATH = YES;
				SDKROOT = iphoneos;
				VALIDATE_PRODUCT = YES;
			};
			name = Release;
		};
		A033880522804F4A0020858C /* Debug */ = {
			isa = XCBuildConfiguration;
			baseConfigurationReference = 53EAF85D7772569EE92920BA /* Pods-Feed.debug.xcconfig */;
			buildSettings = {
				ASSETCATALOG_COMPILER_APPICON_NAME = AppIcon;
				CODE_SIGN_STYLE = Automatic;
				INFOPLIST_FILE = Feed/Info.plist;
				LD_RUNPATH_SEARCH_PATHS = (
					"$(inherited)",
					"@executable_path/Frameworks",
				);
				PRODUCT_BUNDLE_IDENTIFIER = com.test.Feed;
				PRODUCT_NAME = "$(TARGET_NAME)";
				TARGETED_DEVICE_FAMILY = "1,2";
			};
			name = Debug;
		};
		A033880622804F4A0020858C /* Release */ = {
			isa = XCBuildConfiguration;
			baseConfigurationReference = FEE073A271D1FD5DD21C467E /* Pods-Feed.release.xcconfig */;
			buildSettings = {
				ASSETCATALOG_COMPILER_APPICON_NAME = AppIcon;
				CODE_SIGN_STYLE = Automatic;
				INFOPLIST_FILE = Feed/Info.plist;
				LD_RUNPATH_SEARCH_PATHS = (
					"$(inherited)",
					"@executable_path/Frameworks",
				);
				PRODUCT_BUNDLE_IDENTIFIER = com.test.Feed;
				PRODUCT_NAME = "$(TARGET_NAME)";
				TARGETED_DEVICE_FAMILY = "1,2";
			};
			name = Release;
		};
		A033880822804F4A0020858C /* Debug */ = {
			isa = XCBuildConfiguration;
			baseConfigurationReference = B0BB48D91C2CC2D6FD4999ED /* Pods-FeedTests.debug.xcconfig */;
			buildSettings = {
				BUNDLE_LOADER = "$(TEST_HOST)";
				CODE_SIGN_STYLE = Automatic;
				INFOPLIST_FILE = FeedTests/Info.plist;
				LD_RUNPATH_SEARCH_PATHS = (
					"$(inherited)",
					"@executable_path/Frameworks",
					"@loader_path/Frameworks",
				);
				PRODUCT_BUNDLE_IDENTIFIER = com.test.FeedTests;
				PRODUCT_NAME = "$(TARGET_NAME)";
				TARGETED_DEVICE_FAMILY = "1,2";
				TEST_HOST = "$(BUILT_PRODUCTS_DIR)/Feed.app/Feed";
			};
			name = Debug;
		};
		A033880922804F4A0020858C /* Release */ = {
			isa = XCBuildConfiguration;
			baseConfigurationReference = BBBA3065D523C090B8BC87EB /* Pods-FeedTests.release.xcconfig */;
			buildSettings = {
				BUNDLE_LOADER = "$(TEST_HOST)";
				CODE_SIGN_STYLE = Automatic;
				INFOPLIST_FILE = FeedTests/Info.plist;
				LD_RUNPATH_SEARCH_PATHS = (
					"$(inherited)",
					"@executable_path/Frameworks",
					"@loader_path/Frameworks",
				);
				PRODUCT_BUNDLE_IDENTIFIER = com.test.FeedTests;
				PRODUCT_NAME = "$(TARGET_NAME)";
				TARGETED_DEVICE_FAMILY = "1,2";
				TEST_HOST = "$(BUILT_PRODUCTS_DIR)/Feed.app/Feed";
			};
			name = Release;
		};
		A033880B22804F4A0020858C /* Debug */ = {
			isa = XCBuildConfiguration;
			baseConfigurationReference = 8B58127076A095E7185F9AA6 /* Pods-FeedUITests.debug.xcconfig */;
			buildSettings = {
				CODE_SIGN_STYLE = Automatic;
				INFOPLIST_FILE = FeedUITests/Info.plist;
				LD_RUNPATH_SEARCH_PATHS = (
					"$(inherited)",
					"@executable_path/Frameworks",
					"@loader_path/Frameworks",
				);
				PRODUCT_BUNDLE_IDENTIFIER = com.test.FeedUITests;
				PRODUCT_NAME = "$(TARGET_NAME)";
				TARGETED_DEVICE_FAMILY = "1,2";
				TEST_TARGET_NAME = Feed;
			};
			name = Debug;
		};
		A033880C22804F4A0020858C /* Release */ = {
			isa = XCBuildConfiguration;
			baseConfigurationReference = 1D5A1E00DD5E56A9281BFE9F /* Pods-FeedUITests.release.xcconfig */;
			buildSettings = {
				CODE_SIGN_STYLE = Automatic;
				INFOPLIST_FILE = FeedUITests/Info.plist;
				LD_RUNPATH_SEARCH_PATHS = (
					"$(inherited)",
					"@executable_path/Frameworks",
					"@loader_path/Frameworks",
				);
				PRODUCT_BUNDLE_IDENTIFIER = com.test.FeedUITests;
				PRODUCT_NAME = "$(TARGET_NAME)";
				TARGETED_DEVICE_FAMILY = "1,2";
				TEST_TARGET_NAME = Feed;
			};
			name = Release;
		};
/* End XCBuildConfiguration section */

/* Begin XCConfigurationList section */
		A03387D322804F4A0020858C /* Build configuration list for PBXProject "Feed" */ = {
			isa = XCConfigurationList;
			buildConfigurations = (
				A033880222804F4A0020858C /* Debug */,
				A033880322804F4A0020858C /* Release */,
			);
			defaultConfigurationIsVisible = 0;
			defaultConfigurationName = Release;
		};
		A033880422804F4A0020858C /* Build configuration list for PBXNativeTarget "Feed" */ = {
			isa = XCConfigurationList;
			buildConfigurations = (
				A033880522804F4A0020858C /* Debug */,
				A033880622804F4A0020858C /* Release */,
			);
			defaultConfigurationIsVisible = 0;
			defaultConfigurationName = Release;
		};
		A033880722804F4A0020858C /* Build configuration list for PBXNativeTarget "FeedTests" */ = {
			isa = XCConfigurationList;
			buildConfigurations = (
				A033880822804F4A0020858C /* Debug */,
				A033880922804F4A0020858C /* Release */,
			);
			defaultConfigurationIsVisible = 0;
			defaultConfigurationName = Release;
		};
		A033880A22804F4A0020858C /* Build configuration list for PBXNativeTarget "FeedUITests" */ = {
			isa = XCConfigurationList;
			buildConfigurations = (
				A033880B22804F4A0020858C /* Debug */,
				A033880C22804F4A0020858C /* Release */,
			);
			defaultConfigurationIsVisible = 0;
			defaultConfigurationName = Release;
		};
/* End XCConfigurationList section */
	};
	rootObject = A03387D022804F4A0020858C /* Project object */;
}
